
Microsoft Visual Studio Solution File, Format Version 12.00
# Visual Studio Version 17
VisualStudioVersion = 17.8.34330.188
MinimumVisualStudioVersion = 10.0.40219.1
Project("{FAE04EC0-301F-11D3-BF4B-00C04F79EFBC}") = "UN.CYBERCOM.Web", "UN.CYBERCOM.Web\UN.CYBERCOM.Web.csproj", "{D217F581-D14B-4D2B-908E-E9AD810C364B}"
EndProject
Project("{FAE04EC0-301F-11D3-BF4B-00C04F79EFBC}") = "UN.CYBERCOM.ViewModels", "UN.CYBERCOM.ViewModels\UN.CYBERCOM.ViewModels.csproj", "{473BF516-785A-40E2-82BB-7347CCE8934A}"
EndProject
Project("{FAE04EC0-301F-11D3-BF4B-00C04F79EFBC}") = "UN.CYBERCOM.Contracts", "UN.CYBERCOM.Contracts\UN.CYBERCOM.Contracts.csproj", "{5971D904-E9A4-4677-AD2F-71E30D2C4B56}"
EndProject
Global
	GlobalSection(SolutionConfigurationPlatforms) = preSolution
		Debug|Any CPU = Debug|Any CPU
		Release|Any CPU = Release|Any CPU
	EndGlobalSection
	GlobalSection(ProjectConfigurationPlatforms) = postSolution
		{D217F581-D14B-4D2B-908E-E9AD810C364B}.Debug|Any CPU.ActiveCfg = Debug|Any CPU
		{D217F581-D14B-4D2B-908E-E9AD810C364B}.Debug|Any CPU.Build.0 = Debug|Any CPU
		{D217F581-D14B-4D2B-908E-E9AD810C364B}.Release|Any CPU.ActiveCfg = Release|Any CPU
		{D217F581-D14B-4D2B-908E-E9AD810C364B}.Release|Any CPU.Build.0 = Release|Any CPU
		{473BF516-785A-40E2-82BB-7347CCE8934A}.Debug|Any CPU.ActiveCfg = Debug|Any CPU
		{473BF516-785A-40E2-82BB-7347CCE8934A}.Debug|Any CPU.Build.0 = Debug|Any CPU
		{473BF516-785A-40E2-82BB-7347CCE8934A}.Release|Any CPU.ActiveCfg = Release|Any CPU
		{473BF516-785A-40E2-82BB-7347CCE8934A}.Release|Any CPU.Build.0 = Release|Any CPU
		{5971D904-E9A4-4677-AD2F-71E30D2C4B56}.Debug|Any CPU.ActiveCfg = Debug|Any CPU
		{5971D904-E9A4-4677-AD2F-71E30D2C4B56}.Debug|Any CPU.Build.0 = Debug|Any CPU
		{5971D904-E9A4-4677-AD2F-71E30D2C4B56}.Release|Any CPU.ActiveCfg = Release|Any CPU
		{5971D904-E9A4-4677-AD2F-71E30D2C4B56}.Release|Any CPU.Build.0 = Release|Any CPU
	EndGlobalSection
	GlobalSection(SolutionProperties) = preSolution
		HideSolutionNode = FALSE
	EndGlobalSection
	GlobalSection(ExtensibilityGlobals) = postSolution
		SolutionGuid = {391B100E-0C37-43C7-94D0-939E25BDB372}
	EndGlobalSection
EndGlobal
