
Microsoft Visual Studio Solution File, Format Version 12.00
# Visual Studio Version 17
VisualStudioVersion = 17.5.002.0
MinimumVisualStudioVersion = 10.0.40219.1
Project("{9A19103F-16F7-4668-BE54-9A1E7A4F7556}") = "UN.CYBERCOM.Contracts", "UN.CYBERCOM.Contracts.csproj", "{4F7A9474-2BDB-4F50-AA1C-F82A9B532B51}"
EndProject
Global
	GlobalSection(SolutionConfigurationPlatforms) = preSolution
		Debug|Any CPU = Debug|Any CPU
		Release|Any CPU = Release|Any CPU
	EndGlobalSection
	GlobalSection(ProjectConfigurationPlatforms) = postSolution
		{4F7A9474-2BDB-4F50-AA1C-F82A9B532B51}.Debug|Any CPU.ActiveCfg = Debug|Any CPU
		{4F7A9474-2BDB-4F50-AA1C-F82A9B532B51}.Debug|Any CPU.Build.0 = Debug|Any CPU
		{4F7A9474-2BDB-4F50-AA1C-F82A9B532B51}.Release|Any CPU.ActiveCfg = Release|Any CPU
		{4F7A9474-2BDB-4F50-AA1C-F82A9B532B51}.Release|Any CPU.Build.0 = Release|Any CPU
	EndGlobalSection
	GlobalSection(SolutionProperties) = preSolution
		HideSolutionNode = FALSE
	EndGlobalSection
	GlobalSection(ExtensibilityGlobals) = postSolution
		SolutionGuid = {B1E18871-1249-4899-B044-6720309AE66B}
	EndGlobalSection
EndGlobal
